// !$*UTF8*$!
{
	archiveVersion = 1;
	classes = {
	};
	objectVersion = 46;
	objects = {

/* Begin PBXBuildFile section */
		70B85E6B1DFD059A00D78A94 /* main.m in Sources */ = {isa = PBXBuildFile; fileRef = 70B85E6A1DFD059A00D78A94 /* main.m */; };
		70B85E6E1DFD059A00D78A94 /* AppDelegate.m in Sources */ = {isa = PBXBuildFile; fileRef = 70B85E6D1DFD059A00D78A94 /* AppDelegate.m */; };
		70B85E711DFD059A00D78A94 /* ViewController.m in Sources */ = {isa = PBXBuildFile; fileRef = 70B85E701DFD059A00D78A94 /* ViewController.m */; };
		70B85E741DFD059A00D78A94 /* Main.storyboard in Resources */ = {isa = PBXBuildFile; fileRef = 70B85E721DFD059A00D78A94 /* Main.storyboard */; };
		70B85E761DFD059A00D78A94 /* Assets.xcassets in Resources */ = {isa = PBXBuildFile; fileRef = 70B85E751DFD059A00D78A94 /* Assets.xcassets */; };
		70B85E791DFD059A00D78A94 /* LaunchScreen.storyboard in Resources */ = {isa = PBXBuildFile; fileRef = 70B85E771DFD059A00D78A94 /* LaunchScreen.storyboard */; };
		70B85E881DFD500E00D78A94 /* pzxYZM.gif in Resources */ = {isa = PBXBuildFile; fileRef = 70B85E871DFD500E00D78A94 /* pzxYZM.gif */; };
		891AA9AA2BF5F7410086D440 /* 14761715847088_.pic.jpg in Resources */ = {isa = PBXBuildFile; fileRef = 891AA9A92BF5F7410086D440 /* 14761715847088_.pic.jpg */; };
		895752A62C6F1E8E003E64FE /* 2024.PNG in Resources */ = {isa = PBXBuildFile; fileRef = 895752A42C6F1E8D003E64FE /* 2024.PNG */; };
		895752A72C6F1E8E003E64FE /* yxm2024.GIF in Resources */ = {isa = PBXBuildFile; fileRef = 895752A52C6F1E8E003E64FE /* yxm2024.GIF */; };
		895752A92C6F20F2003E64FE /* henxian2024.GIF in Resources */ = {isa = PBXBuildFile; fileRef = 895752A82C6F20F2003E64FE /* henxian2024.GIF */; };
		895752AB2C6F2118003E64FE /* PICon.png in Resources */ = {isa = PBXBuildFile; fileRef = 895752AA2C6F2118003E64FE /* PICon.png */; };
		89E3BE9B1E45755700A031A2 /* vDemo.gif in Resources */ = {isa = PBXBuildFile; fileRef = 89E3BE9A1E45755700A031A2 /* vDemo.gif */; };
		89EC83F42C6EF8230027394C /* PZXCodeInputView.swift in Sources */ = {isa = PBXBuildFile; fileRef = 89EC83ED2C6EF8220027394C /* PZXCodeInputView.swift */; };
		89EC83F52C6EF8230027394C /* PZXVerificationTextField.m in Sources */ = {isa = PBXBuildFile; fileRef = 89EC83F12C6EF8220027394C /* PZXVerificationTextField.m */; };
		89EC83F62C6EF8230027394C /* PZXVerificationCodeView.m in Sources */ = {isa = PBXBuildFile; fileRef = 89EC83F32C6EF8220027394C /* PZXVerificationCodeView.m */; };
/* End PBXBuildFile section */

/* Begin PBXFileReference section */
		70B85E661DFD059A00D78A94 /* PZXVerificationCodeTextField.app */ = {isa = PBXFileReference; explicitFileType = wrapper.application; includeInIndex = 0; path = PZXVerificationCodeTextField.app; sourceTree = BUILT_PRODUCTS_DIR; };
		70B85E6A1DFD059A00D78A94 /* main.m */ = {isa = PBXFileReference; lastKnownFileType = sourcecode.c.objc; path = main.m; sourceTree = "<group>"; };
		70B85E6C1DFD059A00D78A94 /* AppDelegate.h */ = {isa = PBXFileReference; lastKnownFileType = sourcecode.c.h; path = AppDelegate.h; sourceTree = "<group>"; };
		70B85E6D1DFD059A00D78A94 /* AppDelegate.m */ = {isa = PBXFileReference; lastKnownFileType = sourcecode.c.objc; path = AppDelegate.m; sourceTree = "<group>"; };
		70B85E6F1DFD059A00D78A94 /* ViewController.h */ = {isa = PBXFileReference; lastKnownFileType = sourcecode.c.h; path = ViewController.h; sourceTree = "<group>"; };
		70B85E701DFD059A00D78A94 /* ViewController.m */ = {isa = PBXFileReference; lastKnownFileType = sourcecode.c.objc; path = ViewController.m; sourceTree = "<group>"; };
		70B85E731DFD059A00D78A94 /* Base */ = {isa = PBXFileReference; lastKnownFileType = file.storyboard; name = Base; path = Base.lproj/Main.storyboard; sourceTree = "<group>"; };
		70B85E751DFD059A00D78A94 /* Assets.xcassets */ = {isa = PBXFileReference; lastKnownFileType = folder.assetcatalog; path = Assets.xcassets; sourceTree = "<group>"; };
		70B85E781DFD059A00D78A94 /* Base */ = {isa = PBXFileReference; lastKnownFileType = file.storyboard; name = Base; path = Base.lproj/LaunchScreen.storyboard; sourceTree = "<group>"; };
		70B85E7A1DFD059A00D78A94 /* Info.plist */ = {isa = PBXFileReference; lastKnownFileType = text.plist.xml; path = Info.plist; sourceTree = "<group>"; };
		70B85E871DFD500E00D78A94 /* pzxYZM.gif */ = {isa = PBXFileReference; lastKnownFileType = image.gif; path = pzxYZM.gif; sourceTree = "<group>"; };
		891AA9A82BF5F6FD0086D440 /* 1475_1715846966.mp4 */ = {isa = PBXFileReference; lastKnownFileType = file; path = 1475_1715846966.mp4; sourceTree = "<group>"; };
		891AA9A92BF5F7410086D440 /* 14761715847088_.pic.jpg */ = {isa = PBXFileReference; lastKnownFileType = image.jpeg; path = 14761715847088_.pic.jpg; sourceTree = "<group>"; };
		895752A42C6F1E8D003E64FE /* 2024.PNG */ = {isa = PBXFileReference; lastKnownFileType = image.png; path = 2024.PNG; sourceTree = "<group>"; };
		895752A52C6F1E8E003E64FE /* yxm2024.GIF */ = {isa = PBXFileReference; lastKnownFileType = image.gif; path = yxm2024.GIF; sourceTree = "<group>"; };
		895752A82C6F20F2003E64FE /* henxian2024.GIF */ = {isa = PBXFileReference; lastKnownFileType = image.gif; path = henxian2024.GIF; sourceTree = "<group>"; };
		895752AA2C6F2118003E64FE /* PICon.png */ = {isa = PBXFileReference; lastKnownFileType = image.png; path = PICon.png; sourceTree = "<group>"; };
		89E3BE9A1E45755700A031A2 /* vDemo.gif */ = {isa = PBXFileReference; lastKnownFileType = image.gif; path = vDemo.gif; sourceTree = "<group>"; };
		89EC83ED2C6EF8220027394C /* PZXCodeInputView.swift */ = {isa = PBXFileReference; fileEncoding = 4; lastKnownFileType = sourcecode.swift; path = PZXCodeInputView.swift; sourceTree = "<group>"; };
		89EC83EF2C6EF8220027394C /* PZXVerificationTextField.h */ = {isa = PBXFileReference; fileEncoding = 4; lastKnownFileType = sourcecode.c.h; path = PZXVerificationTextField.h; sourceTree = "<group>"; };
		89EC83F02C6EF8220027394C /* PZXVerificationCodeView.h */ = {isa = PBXFileReference; fileEncoding = 4; lastKnownFileType = sourcecode.c.h; path = PZXVerificationCodeView.h; sourceTree = "<group>"; };
		89EC83F12C6EF8220027394C /* PZXVerificationTextField.m */ = {isa = PBXFileReference; fileEncoding = 4; lastKnownFileType = sourcecode.c.objc; path = PZXVerificationTextField.m; sourceTree = "<group>"; };
		89EC83F22C6EF8220027394C /* PZXVerificationCodeTextField-Bridging-Header.h */ = {isa = PBXFileReference; fileEncoding = 4; lastKnownFileType = sourcecode.c.h; path = "PZXVerificationCodeTextField-Bridging-Header.h"; sourceTree = "<group>"; };
		89EC83F32C6EF8220027394C /* PZXVerificationCodeView.m */ = {isa = PBXFileReference; fileEncoding = 4; lastKnownFileType = sourcecode.c.objc; path = PZXVerificationCodeView.m; sourceTree = "<group>"; };
/* End PBXFileReference section */

/* Begin PBXFrameworksBuildPhase section */
		70B85E631DFD059A00D78A94 /* Frameworks */ = {
			isa = PBXFrameworksBuildPhase;
			buildActionMask = 2147483647;
			files = (
			);
			runOnlyForDeploymentPostprocessing = 0;
		};
/* End PBXFrameworksBuildPhase section */

/* Begin PBXGroup section */
		70B85E5D1DFD059A00D78A94 = {
			isa = PBXGroup;
			children = (
				70B85E681DFD059A00D78A94 /* PZXVerificationCodeTextField */,
				70B85E671DFD059A00D78A94 /* Products */,
			);
			sourceTree = "<group>";
		};
		70B85E671DFD059A00D78A94 /* Products */ = {
			isa = PBXGroup;
			children = (
				70B85E661DFD059A00D78A94 /* PZXVerificationCodeTextField.app */,
			);
			name = Products;
			sourceTree = "<group>";
		};
		70B85E681DFD059A00D78A94 /* PZXVerificationCodeTextField */ = {
			isa = PBXGroup;
			children = (
				89EC83EB2C6EF8220027394C /* Sources */,
				70B85E6C1DFD059A00D78A94 /* AppDelegate.h */,
				70B85E6D1DFD059A00D78A94 /* AppDelegate.m */,
				70B85E6F1DFD059A00D78A94 /* ViewController.h */,
				70B85E701DFD059A00D78A94 /* ViewController.m */,
				70B85E871DFD500E00D78A94 /* pzxYZM.gif */,
				895752AA2C6F2118003E64FE /* PICon.png */,
				895752A42C6F1E8D003E64FE /* 2024.PNG */,
				895752A82C6F20F2003E64FE /* henxian2024.GIF */,
				895752A52C6F1E8E003E64FE /* yxm2024.GIF */,
				891AA9A82BF5F6FD0086D440 /* 1475_1715846966.mp4 */,
				891AA9A92BF5F7410086D440 /* 14761715847088_.pic.jpg */,
				89E3BE9A1E45755700A031A2 /* vDemo.gif */,
				70B85E721DFD059A00D78A94 /* Main.storyboard */,
				70B85E751DFD059A00D78A94 /* Assets.xcassets */,
				70B85E771DFD059A00D78A94 /* LaunchScreen.storyboard */,
				70B85E7A1DFD059A00D78A94 /* Info.plist */,
				70B85E691DFD059A00D78A94 /* Supporting Files */,
			);
			path = PZXVerificationCodeTextField;
			sourceTree = "<group>";
		};
		70B85E691DFD059A00D78A94 /* Supporting Files */ = {
			isa = PBXGroup;
			children = (
				70B85E6A1DFD059A00D78A94 /* main.m */,
			);
			name = "Supporting Files";
			sourceTree = "<group>";
		};
		89EC83EB2C6EF8220027394C /* Sources */ = {
			isa = PBXGroup;
			children = (
				89EC83EC2C6EF8220027394C /* PZXVerificationCodeTextField-swift */,
				89EC83EE2C6EF8220027394C /* PZXVerificationCodeTextField-OC */,
			);
			path = Sources;
			sourceTree = "<group>";
		};
		89EC83EC2C6EF8220027394C /* PZXVerificationCodeTextField-swift */ = {
			isa = PBXGroup;
			children = (
				89EC83ED2C6EF8220027394C /* PZXCodeInputView.swift */,
			);
			path = "PZXVerificationCodeTextField-swift";
			sourceTree = "<group>";
		};
		89EC83EE2C6EF8220027394C /* PZXVerificationCodeTextField-OC */ = {
			isa = PBXGroup;
			children = (
				89EC83F22C6EF8220027394C /* PZXVerificationCodeTextField-Bridging-Header.h */,
				89EC83EF2C6EF8220027394C /* PZXVerificationTextField.h */,
				89EC83F12C6EF8220027394C /* PZXVerificationTextField.m */,
				89EC83F02C6EF8220027394C /* PZXVerificationCodeView.h */,
				89EC83F32C6EF8220027394C /* PZXVerificationCodeView.m */,
			);
			path = "PZXVerificationCodeTextField-OC";
			sourceTree = "<group>";
		};
/* End PBXGroup section */

/* Begin PBXNativeTarget section */
		70B85E651DFD059A00D78A94 /* PZXVerificationCodeTextField */ = {
			isa = PBXNativeTarget;
			buildConfigurationList = 70B85E7D1DFD059A00D78A94 /* Build configuration list for PBXNativeTarget "PZXVerificationCodeTextField" */;
			buildPhases = (
				70B85E621DFD059A00D78A94 /* Sources */,
				70B85E631DFD059A00D78A94 /* Frameworks */,
				70B85E641DFD059A00D78A94 /* Resources */,
			);
			buildRules = (
			);
			dependencies = (
			);
			name = PZXVerificationCodeTextField;
			productName = PZXVerificationCodeTextField;
			productReference = 70B85E661DFD059A00D78A94 /* PZXVerificationCodeTextField.app */;
			productType = "com.apple.product-type.application";
		};
/* End PBXNativeTarget section */

/* Begin PBXProject section */
		70B85E5E1DFD059A00D78A94 /* Project object */ = {
			isa = PBXProject;
			attributes = {
				LastUpgradeCheck = 0800;
				ORGANIZATIONNAME = pzx;
				TargetAttributes = {
					70B85E651DFD059A00D78A94 = {
						CreatedOnToolsVersion = 8.0;
						DevelopmentTeam = KCNSS22SRZ;
						LastSwiftMigration = 1500;
						ProvisioningStyle = Automatic;
					};
				};
			};
			buildConfigurationList = 70B85E611DFD059A00D78A94 /* Build configuration list for PBXProject "PZXVerificationCodeTextField" */;
			compatibilityVersion = "Xcode 3.2";
			developmentRegion = English;
			hasScannedForEncodings = 0;
			knownRegions = (
				English,
				en,
				Base,
			);
			mainGroup = 70B85E5D1DFD059A00D78A94;
			productRefGroup = 70B85E671DFD059A00D78A94 /* Products */;
			projectDirPath = "";
			projectRoot = "";
			targets = (
				70B85E651DFD059A00D78A94 /* PZXVerificationCodeTextField */,
			);
		};
/* End PBXProject section */

/* Begin PBXResourcesBuildPhase section */
		70B85E641DFD059A00D78A94 /* Resources */ = {
			isa = PBXResourcesBuildPhase;
			buildActionMask = 2147483647;
			files = (
				70B85E881DFD500E00D78A94 /* pzxYZM.gif in Resources */,
				70B85E791DFD059A00D78A94 /* LaunchScreen.storyboard in Resources */,
				895752A62C6F1E8E003E64FE /* 2024.PNG in Resources */,
				70B85E761DFD059A00D78A94 /* Assets.xcassets in Resources */,
				89E3BE9B1E45755700A031A2 /* vDemo.gif in Resources */,
				895752A72C6F1E8E003E64FE /* yxm2024.GIF in Resources */,
				895752A92C6F20F2003E64FE /* henxian2024.GIF in Resources */,
				895752AB2C6F2118003E64FE /* PICon.png in Resources */,
				891AA9AA2BF5F7410086D440 /* 14761715847088_.pic.jpg in Resources */,
				70B85E741DFD059A00D78A94 /* Main.storyboard in Resources */,
			);
			runOnlyForDeploymentPostprocessing = 0;
		};
/* End PBXResourcesBuildPhase section */

/* Begin PBXSourcesBuildPhase section */
		70B85E621DFD059A00D78A94 /* Sources */ = {
			isa = PBXSourcesBuildPhase;
			buildActionMask = 2147483647;
			files = (
				70B85E711DFD059A00D78A94 /* ViewController.m in Sources */,
				89EC83F62C6EF8230027394C /* PZXVerificationCodeView.m in Sources */,
				89EC83F52C6EF8230027394C /* PZXVerificationTextField.m in Sources */,
				89EC83F42C6EF8230027394C /* PZXCodeInputView.swift in Sources */,
				70B85E6E1DFD059A00D78A94 /* AppDelegate.m in Sources */,
				70B85E6B1DFD059A00D78A94 /* main.m in Sources */,
			);
			runOnlyForDeploymentPostprocessing = 0;
		};
/* End PBXSourcesBuildPhase section */

/* Begin PBXVariantGroup section */
		70B85E721DFD059A00D78A94 /* Main.storyboard */ = {
			isa = PBXVariantGroup;
			children = (
				70B85E731DFD059A00D78A94 /* Base */,
			);
			name = Main.storyboard;
			sourceTree = "<group>";
		};
		70B85E771DFD059A00D78A94 /* LaunchScreen.storyboard */ = {
			isa = PBXVariantGroup;
			children = (
				70B85E781DFD059A00D78A94 /* Base */,
			);
			name = LaunchScreen.storyboard;
			sourceTree = "<group>";
		};
/* End PBXVariantGroup section */

/* Begin XCBuildConfiguration section */
		70B85E7B1DFD059A00D78A94 /* Debug */ = {
			isa = XCBuildConfiguration;
			buildSettings = {
				ALWAYS_SEARCH_USER_PATHS = NO;
				CLANG_ANALYZER_NONNULL = YES;
				CLANG_CXX_LANGUAGE_STANDARD = "gnu++0x";
				CLANG_CXX_LIBRARY = "libc++";
				CLANG_ENABLE_MODULES = YES;
				CLANG_ENABLE_OBJC_ARC = YES;
				CLANG_WARN_BOOL_CONVERSION = YES;
				CLANG_WARN_CONSTANT_CONVERSION = YES;
				CLANG_WARN_DIRECT_OBJC_ISA_USAGE = YES_ERROR;
				CLANG_WARN_DOCUMENTATION_COMMENTS = YES;
				CLANG_WARN_EMPTY_BODY = YES;
				CLANG_WARN_ENUM_CONVERSION = YES;
				CLANG_WARN_INFINITE_RECURSION = YES;
				CLANG_WARN_INT_CONVERSION = YES;
				CLANG_WARN_OBJC_ROOT_CLASS = YES_ERROR;
				CLANG_WARN_SUSPICIOUS_MOVES = YES;
				CLANG_WARN_UNREACHABLE_CODE = YES;
				CLANG_WARN__DUPLICATE_METHOD_MATCH = YES;
				"CODE_SIGN_IDENTITY[sdk=iphoneos*]" = "iPhone Developer";
				COPY_PHASE_STRIP = NO;
				DEBUG_INFORMATION_FORMAT = dwarf;
				ENABLE_STRICT_OBJC_MSGSEND = YES;
				ENABLE_TESTABILITY = YES;
				GCC_C_LANGUAGE_STANDARD = gnu99;
				GCC_DYNAMIC_NO_PIC = NO;
				GCC_NO_COMMON_BLOCKS = YES;
				GCC_OPTIMIZATION_LEVEL = 0;
				GCC_PREPROCESSOR_DEFINITIONS = (
					"DEBUG=1",
					"$(inherited)",
				);
				GCC_WARN_64_TO_32_BIT_CONVERSION = YES;
				GCC_WARN_ABOUT_RETURN_TYPE = YES_ERROR;
				GCC_WARN_UNDECLARED_SELECTOR = YES;
				GCC_WARN_UNINITIALIZED_AUTOS = YES_AGGRESSIVE;
				GCC_WARN_UNUSED_FUNCTION = YES;
				GCC_WARN_UNUSED_VARIABLE = YES;
				IPHONEOS_DEPLOYMENT_TARGET = 10.0;
				MTL_ENABLE_DEBUG_INFO = YES;
				ONLY_ACTIVE_ARCH = YES;
				SDKROOT = iphoneos;
				TARGETED_DEVICE_FAMILY = "1,2";
			};
			name = Debug;
		};
		70B85E7C1DFD059A00D78A94 /* Release */ = {
			isa = XCBuildConfiguration;
			buildSettings = {
				ALWAYS_SEARCH_USER_PATHS = NO;
				CLANG_ANALYZER_NONNULL = YES;
				CLANG_CXX_LANGUAGE_STANDARD = "gnu++0x";
				CLANG_CXX_LIBRARY = "libc++";
				CLANG_ENABLE_MODULES = YES;
				CLANG_ENABLE_OBJC_ARC = YES;
				CLANG_WARN_BOOL_CONVERSION = YES;
				CLANG_WARN_CONSTANT_CONVERSION = YES;
				CLANG_WARN_DIRECT_OBJC_ISA_USAGE = YES_ERROR;
				CLANG_WARN_DOCUMENTATION_COMMENTS = YES;
				CLANG_WARN_EMPTY_BODY = YES;
				CLANG_WARN_ENUM_CONVERSION = YES;
				CLANG_WARN_INFINITE_RECURSION = YES;
				CLANG_WARN_INT_CONVERSION = YES;
				CLANG_WARN_OBJC_ROOT_CLASS = YES_ERROR;
				CLANG_WARN_SUSPICIOUS_MOVES = YES;
				CLANG_WARN_UNREACHABLE_CODE = YES;
				CLANG_WARN__DUPLICATE_METHOD_MATCH = YES;
				"CODE_SIGN_IDENTITY[sdk=iphoneos*]" = "iPhone Developer";
				COPY_PHASE_STRIP = NO;
				DEBUG_INFORMATION_FORMAT = "dwarf-with-dsym";
				ENABLE_NS_ASSERTIONS = NO;
				ENABLE_STRICT_OBJC_MSGSEND = YES;
				GCC_C_LANGUAGE_STANDARD = gnu99;
				GCC_NO_COMMON_BLOCKS = YES;
				GCC_WARN_64_TO_32_BIT_CONVERSION = YES;
				GCC_WARN_ABOUT_RETURN_TYPE = YES_ERROR;
				GCC_WARN_UNDECLARED_SELECTOR = YES;
				GCC_WARN_UNINITIALIZED_AUTOS = YES_AGGRESSIVE;
				GCC_WARN_UNUSED_FUNCTION = YES;
				GCC_WARN_UNUSED_VARIABLE = YES;
				IPHONEOS_DEPLOYMENT_TARGET = 10.0;
				MTL_ENABLE_DEBUG_INFO = NO;
				SDKROOT = iphoneos;
				TARGETED_DEVICE_FAMILY = "1,2";
				VALIDATE_PRODUCT = YES;
			};
			name = Release;
		};
		70B85E7E1DFD059A00D78A94 /* Debug */ = {
			isa = XCBuildConfiguration;
			buildSettings = {
				ASSETCATALOG_COMPILER_APPICON_NAME = AppIcon;
				CLANG_ENABLE_MODULES = YES;
				DEVELOPMENT_TEAM = KCNSS22SRZ;
				INFOPLIST_FILE = PZXVerificationCodeTextField/Info.plist;
				INFOPLIST_KEY_CFBundleDisplayName = PZXCodeTextField;
				LD_RUNPATH_SEARCH_PATHS = "$(inherited) @executable_path/Frameworks";
				PRODUCT_BUNDLE_IDENTIFIER = pengzuxin.PZXVerificationCodeTextField;
				PRODUCT_NAME = "$(TARGET_NAME)";
				SWIFT_OBJC_BRIDGING_HEADER = "PZXVerificationCodeTextField/Sources/PZXVerificationCodeTextField-OC/PZXVerificationCodeTextField-Bridging-Header.h";
				SWIFT_OPTIMIZATION_LEVEL = "-Onone";
				SWIFT_VERSION = 5.0;
			};
			name = Debug;
		};
		70B85E7F1DFD059A00D78A94 /* Release */ = {
			isa = XCBuildConfiguration;
			buildSettings = {
				ASSETCATALOG_COMPILER_APPICON_NAME = AppIcon;
				CLANG_ENABLE_MODULES = YES;
				DEVELOPMENT_TEAM = KCNSS22SRZ;
				INFOPLIST_FILE = PZXVerificationCodeTextField/Info.plist;
				INFOPLIST_KEY_CFBundleDisplayName = PZXCodeTextField;
				LD_RUNPATH_SEARCH_PATHS = "$(inherited) @executable_path/Frameworks";
				PRODUCT_BUNDLE_IDENTIFIER = pengzuxin.PZXVerificationCodeTextField;
				PRODUCT_NAME = "$(TARGET_NAME)";
				SWIFT_OBJC_BRIDGING_HEADER = "PZXVerificationCodeTextField/Sources/PZXVerificationCodeTextField-OC/PZXVerificationCodeTextField-Bridging-Header.h";
				SWIFT_VERSION = 5.0;
			};
			name = Release;
		};
/* End XCBuildConfiguration section */

/* Begin XCConfigurationList section */
		70B85E611DFD059A00D78A94 /* Build configuration list for PBXProject "PZXVerificationCodeTextField" */ = {
			isa = XCConfigurationList;
			buildConfigurations = (
				70B85E7B1DFD059A00D78A94 /* Debug */,
				70B85E7C1DFD059A00D78A94 /* Release */,
			);
			defaultConfigurationIsVisible = 0;
			defaultConfigurationName = Release;
		};
		70B85E7D1DFD059A00D78A94 /* Build configuration list for PBXNativeTarget "PZXVerificationCodeTextField" */ = {
			isa = XCConfigurationList;
			buildConfigurations = (
				70B85E7E1DFD059A00D78A94 /* Debug */,
				70B85E7F1DFD059A00D78A94 /* Release */,
			);
			defaultConfigurationIsVisible = 0;
			defaultConfigurationName = Release;
		};
/* End XCConfigurationList section */
	};
	rootObject = 70B85E5E1DFD059A00D78A94 /* Project object */;
}
